// !$*UTF8*$!
{
	archiveVersion = 1;
	classes = {
	};
	objectVersion = 46;
	objects = {

/* Begin PBXBuildFile section */
		5DBD5A8B1E9F108F00C256F4 /* main.m in Sources */ = {isa = PBXBuildFile; fileRef = 5DBD5A8A1E9F108F00C256F4 /* main.m */; };
		5DBD5A8E1E9F108F00C256F4 /* AppDelegate.m in Sources */ = {isa = PBXBuildFile; fileRef = 5DBD5A8D1E9F108F00C256F4 /* AppDelegate.m */; };
		5DBD5A911E9F108F00C256F4 /* ViewController.m in Sources */ = {isa = PBXBuildFile; fileRef = 5DBD5A901E9F108F00C256F4 /* ViewController.m */; };
		5DBD5A941E9F108F00C256F4 /* Main.storyboard in Resources */ = {isa = PBXBuildFile; fileRef = 5DBD5A921E9F108F00C256F4 /* Main.storyboard */; };
		5DBD5A961E9F108F00C256F4 /* Assets.xcassets in Resources */ = {isa = PBXBuildFile; fileRef = 5DBD5A951E9F108F00C256F4 /* Assets.xcassets */; };
		5DBD5A991E9F108F00C256F4 /* LaunchScreen.storyboard in Resources */ = {isa = PBXBuildFile; fileRef = 5DBD5A971E9F108F00C256F4 /* LaunchScreen.storyboard */; };
		5DBD5AA41E9F108F00C256F4 /* ___Tests.m in Sources */ = {isa = PBXBuildFile; fileRef = 5DBD5AA31E9F108F00C256F4 /* ___Tests.m */; };
		5DBD5AAF1E9F108F00C256F4 /* ___UITests.m in Sources */ = {isa = PBXBuildFile; fileRef = 5DBD5AAE1E9F108F00C256F4 /* ___UITests.m */; };
		5DBD5AD91E9F18EC00C256F4 /* InfoPlist.strings in Resources */ = {isa = PBXBuildFile; fileRef = 5DBD5ADB1E9F18EC00C256F4 /* InfoPlist.strings */; };
		5DBD5ADD1E9F192100C256F4 /* Localizable.strings in Resources */ = {isa = PBXBuildFile; fileRef = 5DBD5ADF1E9F192100C256F4 /* Localizable.strings */; };
/* End PBXBuildFile section */

/* Begin PBXContainerItemProxy section */
		5DBD5AA01E9F108F00C256F4 /* PBXContainerItemProxy */ = {
			isa = PBXContainerItemProxy;
			containerPortal = 5DBD5A7E1E9F108F00C256F4 /* Project object */;
			proxyType = 1;
			remoteGlobalIDString = 5DBD5A851E9F108F00C256F4;
			remoteInfo = "国际化";
		};
		5DBD5AAB1E9F108F00C256F4 /* PBXContainerItemProxy */ = {
			isa = PBXContainerItemProxy;
			containerPortal = 5DBD5A7E1E9F108F00C256F4 /* Project object */;
			proxyType = 1;
			remoteGlobalIDString = 5DBD5A851E9F108F00C256F4;
			remoteInfo = "国际化";
		};
/* End PBXContainerItemProxy section */

/* Begin PBXFileReference section */
		5DBD5A861E9F108F00C256F4 /* 国际化.app */ = {isa = PBXFileReference; explicitFileType = wrapper.application; includeInIndex = 0; path = "国际化.app"; sourceTree = BUILT_PRODUCTS_DIR; };
		5DBD5A8A1E9F108F00C256F4 /* main.m */ = {isa = PBXFileReference; lastKnownFileType = sourcecode.c.objc; path = main.m; sourceTree = "<group>"; };
		5DBD5A8C1E9F108F00C256F4 /* AppDelegate.h */ = {isa = PBXFileReference; lastKnownFileType = sourcecode.c.h; path = AppDelegate.h; sourceTree = "<group>"; };
		5DBD5A8D1E9F108F00C256F4 /* AppDelegate.m */ = {isa = PBXFileReference; lastKnownFileType = sourcecode.c.objc; path = AppDelegate.m; sourceTree = "<group>"; };
		5DBD5A8F1E9F108F00C256F4 /* ViewController.h */ = {isa = PBXFileReference; lastKnownFileType = sourcecode.c.h; path = ViewController.h; sourceTree = "<group>"; };
		5DBD5A901E9F108F00C256F4 /* ViewController.m */ = {isa = PBXFileReference; lastKnownFileType = sourcecode.c.objc; path = ViewController.m; sourceTree = "<group>"; };
		5DBD5A931E9F108F00C256F4 /* Base */ = {isa = PBXFileReference; lastKnownFileType = file.storyboard; name = Base; path = Base.lproj/Main.storyboard; sourceTree = "<group>"; };
		5DBD5A951E9F108F00C256F4 /* Assets.xcassets */ = {isa = PBXFileReference; lastKnownFileType = folder.assetcatalog; path = Assets.xcassets; sourceTree = "<group>"; };
		5DBD5A981E9F108F00C256F4 /* Base */ = {isa = PBXFileReference; lastKnownFileType = file.storyboard; name = Base; path = Base.lproj/LaunchScreen.storyboard; sourceTree = "<group>"; };
		5DBD5A9A1E9F108F00C256F4 /* Info.plist */ = {isa = PBXFileReference; lastKnownFileType = text.plist.xml; path = Info.plist; sourceTree = "<group>"; };
		5DBD5A9F1E9F108F00C256F4 /* 国际化Tests.xctest */ = {isa = PBXFileReference; explicitFileType = wrapper.cfbundle; includeInIndex = 0; path = "国际化Tests.xctest"; sourceTree = BUILT_PRODUCTS_DIR; };
		5DBD5AA31E9F108F00C256F4 /* ___Tests.m */ = {isa = PBXFileReference; lastKnownFileType = sourcecode.c.objc; path = "___Tests.m"; sourceTree = "<group>"; };
		5DBD5AA51E9F108F00C256F4 /* Info.plist */ = {isa = PBXFileReference; lastKnownFileType = text.plist.xml; path = Info.plist; sourceTree = "<group>"; };
		5DBD5AAA1E9F108F00C256F4 /* 国际化UITests.xctest */ = {isa = PBXFileReference; explicitFileType = wrapper.cfbundle; includeInIndex = 0; path = "国际化UITests.xctest"; sourceTree = BUILT_PRODUCTS_DIR; };
		5DBD5AAE1E9F108F00C256F4 /* ___UITests.m */ = {isa = PBXFileReference; lastKnownFileType = sourcecode.c.objc; path = "___UITests.m"; sourceTree = "<group>"; };
		5DBD5AB01E9F108F00C256F4 /* Info.plist */ = {isa = PBXFileReference; lastKnownFileType = text.plist.xml; path = Info.plist; sourceTree = "<group>"; };
		5DBD5AC51E9F129B00C256F4 /* zh-Hans */ = {isa = PBXFileReference; lastKnownFileType = text.plist.strings; name = "zh-Hans"; path = "zh-Hans.lproj/Main.strings"; sourceTree = "<group>"; };
		5DBD5AC61E9F129B00C256F4 /* zh-Hans */ = {isa = PBXFileReference; lastKnownFileType = text.plist.strings; name = "zh-Hans"; path = "zh-Hans.lproj/LaunchScreen.strings"; sourceTree = "<group>"; };
		5DBD5ADA1E9F18EC00C256F4 /* en */ = {isa = PBXFileReference; lastKnownFileType = text.plist.strings; name = en; path = en.lproj/InfoPlist.strings; sourceTree = "<group>"; };
		5DBD5ADC1E9F18EE00C256F4 /* zh-Hans */ = {isa = PBXFileReference; lastKnownFileType = text.plist.strings; name = "zh-Hans"; path = "zh-Hans.lproj/InfoPlist.strings"; sourceTree = "<group>"; };
		5DBD5ADE1E9F192100C256F4 /* en */ = {isa = PBXFileReference; lastKnownFileType = text.plist.strings; name = en; path = en.lproj/Localizable.strings; sourceTree = "<group>"; };
		5DBD5AE01E9F192700C256F4 /* zh-Hans */ = {isa = PBXFileReference; lastKnownFileType = text.plist.strings; name = "zh-Hans"; path = "zh-Hans.lproj/Localizable.strings"; sourceTree = "<group>"; };
/* End PBXFileReference section */

/* Begin PBXFrameworksBuildPhase section */
		5DBD5A831E9F108F00C256F4 /* Frameworks */ = {
			isa = PBXFrameworksBuildPhase;
			buildActionMask = 2147483647;
			files = (
			);
			runOnlyForDeploymentPostprocessing = 0;
		};
		5DBD5A9C1E9F108F00C256F4 /* Frameworks */ = {
			isa = PBXFrameworksBuildPhase;
			buildActionMask = 2147483647;
			files = (
			);
			runOnlyForDeploymentPostprocessing = 0;
		};
		5DBD5AA71E9F108F00C256F4 /* Frameworks */ = {
			isa = PBXFrameworksBuildPhase;
			buildActionMask = 2147483647;
			files = (
			);
			runOnlyForDeploymentPostprocessing = 0;
		};
/* End PBXFrameworksBuildPhase section */

/* Begin PBXGroup section */
		5DBD5A7D1E9F108F00C256F4 = {
			isa = PBXGroup;
			children = (
				5DBD5A881E9F108F00C256F4 /* 国际化 */,
				5DBD5AA21E9F108F00C256F4 /* 国际化Tests */,
				5DBD5AAD1E9F108F00C256F4 /* 国际化UITests */,
				5DBD5A871E9F108F00C256F4 /* Products */,
			);
			sourceTree = "<group>";
		};
		5DBD5A871E9F108F00C256F4 /* Products */ = {
			isa = PBXGroup;
			children = (
				5DBD5A861E9F108F00C256F4 /* 国际化.app */,
				5DBD5A9F1E9F108F00C256F4 /* 国际化Tests.xctest */,
				5DBD5AAA1E9F108F00C256F4 /* 国际化UITests.xctest */,
			);
			name = Products;
			sourceTree = "<group>";
		};
		5DBD5A881E9F108F00C256F4 /* 国际化 */ = {
			isa = PBXGroup;
			children = (
				5DBD5A8C1E9F108F00C256F4 /* AppDelegate.h */,
				5DBD5A8D1E9F108F00C256F4 /* AppDelegate.m */,
				5DBD5A8F1E9F108F00C256F4 /* ViewController.h */,
				5DBD5A901E9F108F00C256F4 /* ViewController.m */,
				5DBD5ADB1E9F18EC00C256F4 /* InfoPlist.strings */,
				5DBD5ADF1E9F192100C256F4 /* Localizable.strings */,
				5DBD5A891E9F108F00C256F4 /* Supporting Files */,
			);
			path = "国际化";
			sourceTree = "<group>";
		};
		5DBD5A891E9F108F00C256F4 /* Supporting Files */ = {
			isa = PBXGroup;
			children = (
				5DBD5A921E9F108F00C256F4 /* Main.storyboard */,
				5DBD5A951E9F108F00C256F4 /* Assets.xcassets */,
				5DBD5A971E9F108F00C256F4 /* LaunchScreen.storyboard */,
				5DBD5A9A1E9F108F00C256F4 /* Info.plist */,
				5DBD5A8A1E9F108F00C256F4 /* main.m */,
			);
			name = "Supporting Files";
			sourceTree = "<group>";
		};
		5DBD5AA21E9F108F00C256F4 /* 国际化Tests */ = {
			isa = PBXGroup;
			children = (
				5DBD5AA31E9F108F00C256F4 /* ___Tests.m */,
				5DBD5AA51E9F108F00C256F4 /* Info.plist */,
			);
			path = "国际化Tests";
			sourceTree = "<group>";
		};
		5DBD5AAD1E9F108F00C256F4 /* 国际化UITests */ = {
			isa = PBXGroup;
			children = (
				5DBD5AAE1E9F108F00C256F4 /* ___UITests.m */,
				5DBD5AB01E9F108F00C256F4 /* Info.plist */,
			);
			path = "国际化UITests";
			sourceTree = "<group>";
		};
/* End PBXGroup section */

/* Begin PBXNativeTarget section */
		5DBD5A851E9F108F00C256F4 /* 国际化 */ = {
			isa = PBXNativeTarget;
			buildConfigurationList = 5DBD5AB31E9F108F00C256F4 /* Build configuration list for PBXNativeTarget "国际化" */;
			buildPhases = (
				5DBD5A821E9F108F00C256F4 /* Sources */,
				5DBD5A831E9F108F00C256F4 /* Frameworks */,
				5DBD5A841E9F108F00C256F4 /* Resources */,
			);
			buildRules = (
			);
			dependencies = (
			);
			name = "国际化";
			productName = "国际化";
			productReference = 5DBD5A861E9F108F00C256F4 /* 国际化.app */;
			productType = "com.apple.product-type.application";
		};
		5DBD5A9E1E9F108F00C256F4 /* 国际化Tests */ = {
			isa = PBXNativeTarget;
			buildConfigurationList = 5DBD5AB61E9F108F00C256F4 /* Build configuration list for PBXNativeTarget "国际化Tests" */;
			buildPhases = (
				5DBD5A9B1E9F108F00C256F4 /* Sources */,
				5DBD5A9C1E9F108F00C256F4 /* Frameworks */,
				5DBD5A9D1E9F108F00C256F4 /* Resources */,
			);
			buildRules = (
			);
			dependencies = (
				5DBD5AA11E9F108F00C256F4 /* PBXTargetDependency */,
			);
			name = "国际化Tests";
			productName = "国际化Tests";
			productReference = 5DBD5A9F1E9F108F00C256F4 /* 国际化Tests.xctest */;
			productType = "com.apple.product-type.bundle.unit-test";
		};
		5DBD5AA91E9F108F00C256F4 /* 国际化UITests */ = {
			isa = PBXNativeTarget;
			buildConfigurationList = 5DBD5AB91E9F108F00C256F4 /* Build configuration list for PBXNativeTarget "国际化UITests" */;
			buildPhases = (
				5DBD5AA61E9F108F00C256F4 /* Sources */,
				5DBD5AA71E9F108F00C256F4 /* Frameworks */,
				5DBD5AA81E9F108F00C256F4 /* Resources */,
			);
			buildRules = (
			);
			dependencies = (
				5DBD5AAC1E9F108F00C256F4 /* PBXTargetDependency */,
			);
			name = "国际化UITests";
			productName = "国际化UITests";
			productReference = 5DBD5AAA1E9F108F00C256F4 /* 国际化UITests.xctest */;
			productType = "com.apple.product-type.bundle.ui-testing";
		};
/* End PBXNativeTarget section */

/* Begin PBXProject section */
		5DBD5A7E1E9F108F00C256F4 /* Project object */ = {
			isa = PBXProject;
			attributes = {
				LastUpgradeCheck = 0830;
				ORGANIZATIONNAME = chuang;
				TargetAttributes = {
					5DBD5A851E9F108F00C256F4 = {
						CreatedOnToolsVersion = 8.3.1;
						ProvisioningStyle = Automatic;
					};
					5DBD5A9E1E9F108F00C256F4 = {
						CreatedOnToolsVersion = 8.3.1;
						ProvisioningStyle = Automatic;
						TestTargetID = 5DBD5A851E9F108F00C256F4;
					};
					5DBD5AA91E9F108F00C256F4 = {
						CreatedOnToolsVersion = 8.3.1;
						ProvisioningStyle = Automatic;
						TestTargetID = 5DBD5A851E9F108F00C256F4;
					};
				};
			};
			buildConfigurationList = 5DBD5A811E9F108F00C256F4 /* Build configuration list for PBXProject "国际化" */;
			compatibilityVersion = "Xcode 3.2";
			developmentRegion = English;
			hasScannedForEncodings = 0;
			knownRegions = (
				en,
				Base,
				"zh-Hans",
			);
			mainGroup = 5DBD5A7D1E9F108F00C256F4;
			productRefGroup = 5DBD5A871E9F108F00C256F4 /* Products */;
			projectDirPath = "";
			projectRoot = "";
			targets = (
				5DBD5A851E9F108F00C256F4 /* 国际化 */,
				5DBD5A9E1E9F108F00C256F4 /* 国际化Tests */,
				5DBD5AA91E9F108F00C256F4 /* 国际化UITests */,
			);
		};
/* End PBXProject section */

/* Begin PBXResourcesBuildPhase section */
		5DBD5A841E9F108F00C256F4 /* Resources */ = {
			isa = PBXResourcesBuildPhase;
			buildActionMask = 2147483647;
			files = (
				5DBD5ADD1E9F192100C256F4 /* Localizable.strings in Resources */,
				5DBD5A991E9F108F00C256F4 /* LaunchScreen.storyboard in Resources */,
				5DBD5AD91E9F18EC00C256F4 /* InfoPlist.strings in Resources */,
				5DBD5A961E9F108F00C256F4 /* Assets.xcassets in Resources */,
				5DBD5A941E9F108F00C256F4 /* Main.storyboard in Resources */,
			);
			runOnlyForDeploymentPostprocessing = 0;
		};
		5DBD5A9D1E9F108F00C256F4 /* Resources */ = {
			isa = PBXResourcesBuildPhase;
			buildActionMask = 2147483647;
			files = (
			);
			runOnlyForDeploymentPostprocessing = 0;
		};
		5DBD5AA81E9F108F00C256F4 /* Resources */ = {
			isa = PBXResourcesBuildPhase;
			buildActionMask = 2147483647;
			files = (
			);
			runOnlyForDeploymentPostprocessing = 0;
		};
/* End PBXResourcesBuildPhase section */

/* Begin PBXSourcesBuildPhase section */
		5DBD5A821E9F108F00C256F4 /* Sources */ = {
			isa = PBXSourcesBuildPhase;
			buildActionMask = 2147483647;
			files = (
				5DBD5A911E9F108F00C256F4 /* ViewController.m in Sources */,
				5DBD5A8E1E9F108F00C256F4 /* AppDelegate.m in Sources */,
				5DBD5A8B1E9F108F00C256F4 /* main.m in Sources */,
			);
			runOnlyForDeploymentPostprocessing = 0;
		};
		5DBD5A9B1E9F108F00C256F4 /* Sources */ = {
			isa = PBXSourcesBuildPhase;
			buildActionMask = 2147483647;
			files = (
				5DBD5AA41E9F108F00C256F4 /* ___Tests.m in Sources */,
			);
			runOnlyForDeploymentPostprocessing = 0;
		};
		5DBD5AA61E9F108F00C256F4 /* Sources */ = {
			isa = PBXSourcesBuildPhase;
			buildActionMask = 2147483647;
			files = (
				5DBD5AAF1E9F108F00C256F4 /* ___UITests.m in Sources */,
			);
			runOnlyForDeploymentPostprocessing = 0;
		};
/* End PBXSourcesBuildPhase section */

/* Begin PBXTargetDependency section */
		5DBD5AA11E9F108F00C256F4 /* PBXTargetDependency */ = {
			isa = PBXTargetDependency;
			target = 5DBD5A851E9F108F00C256F4 /* 国际化 */;
			targetProxy = 5DBD5AA01E9F108F00C256F4 /* PBXContainerItemProxy */;
		};
		5DBD5AAC1E9F108F00C256F4 /* PBXTargetDependency */ = {
			isa = PBXTargetDependency;
			target = 5DBD5A851E9F108F00C256F4 /* 国际化 */;
			targetProxy = 5DBD5AAB1E9F108F00C256F4 /* PBXContainerItemProxy */;
		};
/* End PBXTargetDependency section */

/* Begin PBXVariantGroup section */
		5DBD5A921E9F108F00C256F4 /* Main.storyboard */ = {
			isa = PBXVariantGroup;
			children = (
				5DBD5A931E9F108F00C256F4 /* Base */,
				5DBD5AC51E9F129B00C256F4 /* zh-Hans */,
			);
			name = Main.storyboard;
			sourceTree = "<group>";
		};
		5DBD5A971E9F108F00C256F4 /* LaunchScreen.storyboard */ = {
			isa = PBXVariantGroup;
			children = (
				5DBD5A981E9F108F00C256F4 /* Base */,
				5DBD5AC61E9F129B00C256F4 /* zh-Hans */,
			);
			name = LaunchScreen.storyboard;
			sourceTree = "<group>";
		};
		5DBD5ADB1E9F18EC00C256F4 /* InfoPlist.strings */ = {
			isa = PBXVariantGroup;
			children = (
				5DBD5ADA1E9F18EC00C256F4 /* en */,
				5DBD5ADC1E9F18EE00C256F4 /* zh-Hans */,
			);
			name = InfoPlist.strings;
			sourceTree = "<group>";
		};
		5DBD5ADF1E9F192100C256F4 /* Localizable.strings */ = {
			isa = PBXVariantGroup;
			children = (
				5DBD5ADE1E9F192100C256F4 /* en */,
				5DBD5AE01E9F192700C256F4 /* zh-Hans */,
			);
			name = Localizable.strings;
			sourceTree = "<group>";
		};
/* End PBXVariantGroup section */

/* Begin XCBuildConfiguration section */
		5DBD5AB11E9F108F00C256F4 /* Debug */ = {
			isa = XCBuildConfiguration;
			buildSettings = {
				ALWAYS_SEARCH_USER_PATHS = NO;
				CLANG_ANALYZER_LOCALIZABILITY_NONLOCALIZED = YES;
				CLANG_ANALYZER_NONNULL = YES;
				CLANG_ANALYZER_NUMBER_OBJECT_CONVERSION = YES_AGGRESSIVE;
				CLANG_CXX_LANGUAGE_STANDARD = "gnu++0x";
				CLANG_CXX_LIBRARY = "libc++";
				CLANG_ENABLE_MODULES = YES;
				CLANG_ENABLE_OBJC_ARC = YES;
				CLANG_WARN_BOOL_CONVERSION = YES;
				CLANG_WARN_CONSTANT_CONVERSION = YES;
				CLANG_WARN_DIRECT_OBJC_ISA_USAGE = YES_ERROR;
				CLANG_WARN_DOCUMENTATION_COMMENTS = YES;
				CLANG_WARN_EMPTY_BODY = YES;
				CLANG_WARN_ENUM_CONVERSION = YES;
				CLANG_WARN_INFINITE_RECURSION = YES;
				CLANG_WARN_INT_CONVERSION = YES;
				CLANG_WARN_OBJC_ROOT_CLASS = YES_ERROR;
				CLANG_WARN_SUSPICIOUS_MOVE = YES;
				CLANG_WARN_UNREACHABLE_CODE = YES;
				CLANG_WARN__DUPLICATE_METHOD_MATCH = YES;
				"CODE_SIGN_IDENTITY[sdk=iphoneos*]" = "iPhone Developer";
				COPY_PHASE_STRIP = NO;
				DEBUG_INFORMATION_FORMAT = dwarf;
				ENABLE_STRICT_OBJC_MSGSEND = YES;
				ENABLE_TESTABILITY = YES;
				GCC_C_LANGUAGE_STANDARD = gnu99;
				GCC_DYNAMIC_NO_PIC = NO;
				GCC_NO_COMMON_BLOCKS = YES;
				GCC_OPTIMIZATION_LEVEL = 0;
				GCC_PREPROCESSOR_DEFINITIONS = (
					"DEBUG=1",
					"$(inherited)",
				);
				GCC_WARN_64_TO_32_BIT_CONVERSION = YES;
				GCC_WARN_ABOUT_RETURN_TYPE = YES_ERROR;
				GCC_WARN_UNDECLARED_SELECTOR = YES;
				GCC_WARN_UNINITIALIZED_AUTOS = YES_AGGRESSIVE;
				GCC_WARN_UNUSED_FUNCTION = YES;
				GCC_WARN_UNUSED_VARIABLE = YES;
				IPHONEOS_DEPLOYMENT_TARGET = 10.3;
				MTL_ENABLE_DEBUG_INFO = YES;
				ONLY_ACTIVE_ARCH = YES;
				SDKROOT = iphoneos;
				TARGETED_DEVICE_FAMILY = "1,2";
			};
			name = Debug;
		};
		5DBD5AB21E9F108F00C256F4 /* Release */ = {
			isa = XCBuildConfiguration;
			buildSettings = {
				ALWAYS_SEARCH_USER_PATHS = NO;
				CLANG_ANALYZER_LOCALIZABILITY_NONLOCALIZED = YES;
				CLANG_ANALYZER_NONNULL = YES;
				CLANG_ANALYZER_NUMBER_OBJECT_CONVERSION = YES_AGGRESSIVE;
				CLANG_CXX_LANGUAGE_STANDARD = "gnu++0x";
				CLANG_CXX_LIBRARY = "libc++";
				CLANG_ENABLE_MODULES = YES;
				CLANG_ENABLE_OBJC_ARC = YES;
				CLANG_WARN_BOOL_CONVERSION = YES;
				CLANG_WARN_CONSTANT_CONVERSION = YES;
				CLANG_WARN_DIRECT_OBJC_ISA_USAGE = YES_ERROR;
				CLANG_WARN_DOCUMENTATION_COMMENTS = YES;
				CLANG_WARN_EMPTY_BODY = YES;
				CLANG_WARN_ENUM_CONVERSION = YES;
				CLANG_WARN_INFINITE_RECURSION = YES;
				CLANG_WARN_INT_CONVERSION = YES;
				CLANG_WARN_OBJC_ROOT_CLASS = YES_ERROR;
				CLANG_WARN_SUSPICIOUS_MOVE = YES;
				CLANG_WARN_UNREACHABLE_CODE = YES;
				CLANG_WARN__DUPLICATE_METHOD_MATCH = YES;
				"CODE_SIGN_IDENTITY[sdk=iphoneos*]" = "iPhone Developer";
				COPY_PHASE_STRIP = NO;
				DEBUG_INFORMATION_FORMAT = "dwarf-with-dsym";
				ENABLE_NS_ASSERTIONS = NO;
				ENABLE_STRICT_OBJC_MSGSEND = YES;
				GCC_C_LANGUAGE_STANDARD = gnu99;
				GCC_NO_COMMON_BLOCKS = YES;
				GCC_WARN_64_TO_32_BIT_CONVERSION = YES;
				GCC_WARN_ABOUT_RETURN_TYPE = YES_ERROR;
				GCC_WARN_UNDECLARED_SELECTOR = YES;
				GCC_WARN_UNINITIALIZED_AUTOS = YES_AGGRESSIVE;
				GCC_WARN_UNUSED_FUNCTION = YES;
				GCC_WARN_UNUSED_VARIABLE = YES;
				IPHONEOS_DEPLOYMENT_TARGET = 10.3;
				MTL_ENABLE_DEBUG_INFO = NO;
				SDKROOT = iphoneos;
				TARGETED_DEVICE_FAMILY = "1,2";
				VALIDATE_PRODUCT = YES;
			};
			name = Release;
		};
		5DBD5AB41E9F108F00C256F4 /* Debug */ = {
			isa = XCBuildConfiguration;
			buildSettings = {
				ASSETCATALOG_COMPILER_APPICON_NAME = AppIcon;
				INFOPLIST_FILE = "国际化/Info.plist";
				LD_RUNPATH_SEARCH_PATHS = "$(inherited) @executable_path/Frameworks";
				PRODUCT_BUNDLE_IDENTIFIER = "chuang.---";
				PRODUCT_NAME = "$(TARGET_NAME)";
			};
			name = Debug;
		};
		5DBD5AB51E9F108F00C256F4 /* Release */ = {
			isa = XCBuildConfiguration;
			buildSettings = {
				ASSETCATALOG_COMPILER_APPICON_NAME = AppIcon;
				INFOPLIST_FILE = "国际化/Info.plist";
				LD_RUNPATH_SEARCH_PATHS = "$(inherited) @executable_path/Frameworks";
				PRODUCT_BUNDLE_IDENTIFIER = "chuang.---";
				PRODUCT_NAME = "$(TARGET_NAME)";
			};
			name = Release;
		};
		5DBD5AB71E9F108F00C256F4 /* Debug */ = {
			isa = XCBuildConfiguration;
			buildSettings = {
				BUNDLE_LOADER = "$(TEST_HOST)";
				INFOPLIST_FILE = "国际化Tests/Info.plist";
				LD_RUNPATH_SEARCH_PATHS = "$(inherited) @executable_path/Frameworks @loader_path/Frameworks";
				PRODUCT_BUNDLE_IDENTIFIER = "chuang.---Tests";
				PRODUCT_NAME = "$(TARGET_NAME)";
				TEST_HOST = "$(BUILT_PRODUCTS_DIR)/国际化.app/国际化";
			};
			name = Debug;
		};
		5DBD5AB81E9F108F00C256F4 /* Release */ = {
			isa = XCBuildConfiguration;
			buildSettings = {
				BUNDLE_LOADER = "$(TEST_HOST)";
				INFOPLIST_FILE = "国际化Tests/Info.plist";
				LD_RUNPATH_SEARCH_PATHS = "$(inherited) @executable_path/Frameworks @loader_path/Frameworks";
				PRODUCT_BUNDLE_IDENTIFIER = "chuang.---Tests";
				PRODUCT_NAME = "$(TARGET_NAME)";
				TEST_HOST = "$(BUILT_PRODUCTS_DIR)/国际化.app/国际化";
			};
			name = Release;
		};
		5DBD5ABA1E9F108F00C256F4 /* Debug */ = {
			isa = XCBuildConfiguration;
			buildSettings = {
				INFOPLIST_FILE = "国际化UITests/Info.plist";
				LD_RUNPATH_SEARCH_PATHS = "$(inherited) @executable_path/Frameworks @loader_path/Frameworks";
				PRODUCT_BUNDLE_IDENTIFIER = "chuang.---UITests";
				PRODUCT_NAME = "$(TARGET_NAME)";
				TEST_TARGET_NAME = "国际化";
			};
			name = Debug;
		};
		5DBD5ABB1E9F108F00C256F4 /* Release */ = {
			isa = XCBuildConfiguration;
			buildSettings = {
				INFOPLIST_FILE = "国际化UITests/Info.plist";
				LD_RUNPATH_SEARCH_PATHS = "$(inherited) @executable_path/Frameworks @loader_path/Frameworks";
				PRODUCT_BUNDLE_IDENTIFIER = "chuang.---UITests";
				PRODUCT_NAME = "$(TARGET_NAME)";
				TEST_TARGET_NAME = "国际化";
			};
			name = Release;
		};
/* End XCBuildConfiguration section */

/* Begin XCConfigurationList section */
		5DBD5A811E9F108F00C256F4 /* Build configuration list for PBXProject "国际化" */ = {
			isa = XCConfigurationList;
			buildConfigurations = (
				5DBD5AB11E9F108F00C256F4 /* Debug */,
				5DBD5AB21E9F108F00C256F4 /* Release */,
			);
			defaultConfigurationIsVisible = 0;
			defaultConfigurationName = Release;
		};
		5DBD5AB31E9F108F00C256F4 /* Build configuration list for PBXNativeTarget "国际化" */ = {
			isa = XCConfigurationList;
			buildConfigurations = (
				5DBD5AB41E9F108F00C256F4 /* Debug */,
				5DBD5AB51E9F108F00C256F4 /* Release */,
			);
			defaultConfigurationIsVisible = 0;
			defaultConfigurationName = Release;
		};
		5DBD5AB61E9F108F00C256F4 /* Build configuration list for PBXNativeTarget "国际化Tests" */ = {
			isa = XCConfigurationList;
			buildConfigurations = (
				5DBD5AB71E9F108F00C256F4 /* Debug */,
				5DBD5AB81E9F108F00C256F4 /* Release */,
			);
			defaultConfigurationIsVisible = 0;
			defaultConfigurationName = Release;
		};
		5DBD5AB91E9F108F00C256F4 /* Build configuration list for PBXNativeTarget "国际化UITests" */ = {
			isa = XCConfigurationList;
			buildConfigurations = (
				5DBD5ABA1E9F108F00C256F4 /* Debug */,
				5DBD5ABB1E9F108F00C256F4 /* Release */,
			);
			defaultConfigurationIsVisible = 0;
			defaultConfigurationName = Release;
		};
/* End XCConfigurationList section */
	};
	rootObject = 5DBD5A7E1E9F108F00C256F4 /* Project object */;
}
